
Microsoft Visual Studio Solution File, Format Version 12.00
# Visual Studio Version 17
VisualStudioVersion = 17.2.32630.192
MinimumVisualStudioVersion = 10.0.40219.1
Project("{FAE04EC0-301F-11D3-BF4B-00C04F79EFBC}") = "StudentManager", "StudentManager\StudentManager.csproj", "{1BE3783A-A681-489A-854A-29EEAABC5DFD}"
EndProject
Global
	GlobalSection(SolutionConfigurationPlatforms) = preSolution
		Debug|Any CPU = Debug|Any CPU
		Release|Any CPU = Release|Any CPU
	EndGlobalSection
	GlobalSection(ProjectConfigurationPlatforms) = postSolution
		{1BE3783A-A681-489A-854A-29EEAABC5DFD}.Debug|Any CPU.ActiveCfg = Debug|Any CPU
		{1BE3783A-A681-489A-854A-29EEAABC5DFD}.Debug|Any CPU.Build.0 = Debug|Any CPU
		{1BE3783A-A681-489A-854A-29EEAABC5DFD}.Release|Any CPU.ActiveCfg = Release|Any CPU
		{1BE3783A-A681-489A-854A-29EEAABC5DFD}.Release|Any CPU.Build.0 = Release|Any CPU
	EndGlobalSection
	GlobalSection(SolutionProperties) = preSolution
		HideSolutionNode = FALSE
	EndGlobalSection
	GlobalSection(ExtensibilityGlobals) = postSolution
		SolutionGuid = {9DEA4301-A0CD-4608-94B0-67D83F651F08}
	EndGlobalSection
EndGlobal
